{
  "version": 1,
  "dependencies": {
    "net8.0-windows7.0": {
      "DalamudPackager": {
        "type": "Direct",
        "requested": "[2.1.13, )",
        "resolved": "2.1.13",
        "contentHash": "rMN1omGe8536f4xLMvx9NwfvpAc9YFFfeXJ1t4P4PE6Gu8WCIoFliR1sh07hM+bfODmesk/dvMbji7vNI+B/pQ=="
      },
      "Glamourer.Api": {
        "type": "Direct",
        "requested": "[2.1.0, )",
        "resolved": "2.1.0",
        "contentHash": "6GTWLZAYJk0Y8SbZ8fQHccqwlvTp9XcAZYl+T+a9VB741oryTdrv7Ee8llTeJ4UrDYS2DRC5HGYwnyHvFIk1LA=="
      },
      "Microsoft.AspNetCore.SignalR.Client": {
        "type": "Direct",
        "requested": "[9.0.0-preview.6.24328.4, )",
        "resolved": "9.0.0-preview.6.24328.4",
        "contentHash": "wxu7P5N3f+xY2T9GiNYtTu+eqiLX1UtODF29f9Tjosm/aLG8AEG1LU66LouWDmB1w1f0yu4DGT6x6nBd6JdJGQ==",
        "dependencies": {
          "Microsoft.AspNetCore.Http.Connections.Client": "9.0.0-preview.6.24328.4",
          "Microsoft.AspNetCore.SignalR.Client.Core": "9.0.0-preview.6.24328.4"
        }
      },
      "NUnit": {
        "type": "Direct",
        "requested": "[4.1.0, )",
        "resolved": "4.1.0",
        "contentHash": "MT/DpAhjtiytzhTgTqIhBuWx4y26PKfDepYUHUM+5uv4TsryHC2jwFo5e6NhWkApCm/G6kZ80dRjdJFuAxq3rg=="
      },
      "XivCommon": {
        "type": "Direct",
        "requested": "[9.0.0, )",
        "resolved": "9.0.0",
        "contentHash": "avaBp3FmSCi/PiQhntCeBDYOHejdyTWmFtz4pRBVQQ8vHkmRx+YTk1la9dkYBMlXxRXKckEdH1iI1Fu61JlE7w=="
      },
      "Microsoft.AspNetCore.Connections.Abstractions": {
        "type": "Transitive",
        "resolved": "9.0.0-preview.6.24328.4",
        "contentHash": "ipk7kpiOOsaCZ7PVRJnDUq7vdWzs3mT87ez5iIc6R+GvR2HKUIohzHv3fGqcQKnWw47VdpHGtLzbEtSQTcJ0TQ==",
        "dependencies": {
          "Microsoft.Bcl.AsyncInterfaces": "9.0.0-preview.6.24327.7",
          "Microsoft.Extensions.Features": "9.0.0-preview.6.24328.4",
          "System.IO.Pipelines": "9.0.0-preview.6.24327.7"
        }
      },
      "Microsoft.AspNetCore.Http.Connections.Client": {
        "type": "Transitive",
        "resolved": "9.0.0-preview.6.24328.4",
        "contentHash": "DIOQ+2onxe7K9+o+dtVpKs0mZ0MDclernQbC4oBMF60hB5N32Em4lW5QkpKPJyVdAcfOXUJplIkPCLziqgpydQ==",
        "dependencies": {
          "Microsoft.AspNetCore.Http.Connections.Common": "9.0.0-preview.6.24328.4",
          "Microsoft.Extensions.Logging.Abstractions": "9.0.0-preview.6.24327.7",
          "Microsoft.Extensions.Options": "9.0.0-preview.6.24327.7",
          "System.Net.ServerSentEvents": "9.0.0-preview.6.24327.7"
        }
      },
      "Microsoft.AspNetCore.Http.Connections.Common": {
        "type": "Transitive",
        "resolved": "9.0.0-preview.6.24328.4",
        "contentHash": "u1cUn147RZxBqqyVoRfQ5B3pA2O0P4hZMn6UyoMb53UhZo5f+y/B4JVxyhaaQHLzdTltc/WuJ3k27I5YxJ7QIA==",
        "dependencies": {
          "Microsoft.AspNetCore.Connections.Abstractions": "9.0.0-preview.6.24328.4",
          "System.Text.Json": "9.0.0-preview.6.24327.7"
        }
      },
      "Microsoft.AspNetCore.SignalR.Client.Core": {
        "type": "Transitive",
        "resolved": "9.0.0-preview.6.24328.4",
        "contentHash": "ax3dHrhT9xGIMw3a/o/NbQmMECPdh9H64iWFhA0AWv/OWBnOqBhVy8E+MV1cIHhBa9hZiGEIozGNK6j0Q/Va9w==",
        "dependencies": {
          "Microsoft.AspNetCore.SignalR.Common": "9.0.0-preview.6.24328.4",
          "Microsoft.AspNetCore.SignalR.Protocols.Json": "9.0.0-preview.6.24328.4",
          "Microsoft.Bcl.TimeProvider": "9.0.0-preview.6.24327.7",
          "Microsoft.Extensions.DependencyInjection": "9.0.0-preview.6.24327.7",
          "Microsoft.Extensions.Logging": "9.0.0-preview.6.24327.7",
          "System.Threading.Channels": "9.0.0-preview.6.24327.7"
        }
      },
      "Microsoft.AspNetCore.SignalR.Common": {
        "type": "Transitive",
        "resolved": "9.0.0-preview.6.24328.4",
        "contentHash": "2ciSRhVFNzEAG0K8k/ohdTUmRbYC7x8Tbk5ZzNQn2iL8BJpsq0d8mcxVxLK5CwKKUiI5UrC6suRlxckGYRlE9w==",
        "dependencies": {
          "Microsoft.AspNetCore.Connections.Abstractions": "9.0.0-preview.6.24328.4",
          "Microsoft.Extensions.Options": "9.0.0-preview.6.24327.7",
          "System.Text.Json": "9.0.0-preview.6.24327.7"
        }
      },
      "Microsoft.AspNetCore.SignalR.Protocols.Json": {
        "type": "Transitive",
        "resolved": "9.0.0-preview.6.24328.4",
        "contentHash": "XxAeku7JaNgPuCho7yH4C5zTdURrSXgMAEAwsTAgEJ7uXHMQ3iMtr3PTPPPkS71+5Vtq8MpKLYC0sffXszcpsg==",
        "dependencies": {
          "Microsoft.AspNetCore.SignalR.Common": "9.0.0-preview.6.24328.4"
        }
      },
      "Microsoft.Bcl.AsyncInterfaces": {
        "type": "Transitive",
        "resolved": "9.0.0-preview.6.24327.7",
        "contentHash": "HaAcuPfbk/jNeaJ396aDyQ21oXZmjZPjNeyDf1zUfboaFaECewA7veIWmpdtZ8mElpDsTNu9ORKcpEZvNWWfTw=="
      },
      "Microsoft.Bcl.TimeProvider": {
        "type": "Transitive",
        "resolved": "9.0.0-preview.6.24327.7",
        "contentHash": "J4i2e2dtEaeQZj2K9ziKArK0eCAjZt9QErw08yfgUQ63SXujNroczqE5hmitXYxAVLJqXpt1VfjFY5Zew8jhSw=="
      },
      "Microsoft.Extensions.DependencyInjection": {
        "type": "Transitive",
        "resolved": "9.0.0-preview.6.24327.7",
        "contentHash": "/IhgrQH1Rw87DsCIIT+wKitImU7uOcrLnCaQfMko8n8Ev08haV2LsWJdwalWururWRnvqjyS03yrItPj9qfAdg==",
        "dependencies": {
          "Microsoft.Extensions.DependencyInjection.Abstractions": "9.0.0-preview.6.24327.7"
        }
      },
      "Microsoft.Extensions.DependencyInjection.Abstractions": {
        "type": "Transitive",
        "resolved": "9.0.0-preview.6.24327.7",
        "contentHash": "yz7PttoN1yClo8tBpL+QuaJuaS750iKcI7lvue5G4dD0xJQ1axMOB6aiIukchZJa31f/jpRtB9jErcZLn+V6xQ=="
      },
      "Microsoft.Extensions.Features": {
        "type": "Transitive",
        "resolved": "9.0.0-preview.6.24328.4",
        "contentHash": "v4ji8RSvsAOg9nnHqpYDaso11IjrMTGlodsFRqfcfmxuhlm5FfSzZikSdolEVgxgkNBYB3CryQHTCPW8EBqNWw=="
      },
      "Microsoft.Extensions.Logging": {
        "type": "Transitive",
        "resolved": "9.0.0-preview.6.24327.7",
        "contentHash": "tlkQLKFFTi+H6umvfx9AaZJte5Al/w3TMdgypN1cUKga+bKMdfOtuKLhehcvk+tp3n1fYZ3mBV3rGwJaaK3Gnw==",
        "dependencies": {
          "Microsoft.Extensions.DependencyInjection": "9.0.0-preview.6.24327.7",
          "Microsoft.Extensions.Logging.Abstractions": "9.0.0-preview.6.24327.7",
          "Microsoft.Extensions.Options": "9.0.0-preview.6.24327.7"
        }
      },
      "Microsoft.Extensions.Logging.Abstractions": {
        "type": "Transitive",
        "resolved": "9.0.0-preview.6.24327.7",
        "contentHash": "NegkZfTcD4KMDhoUZdJBeveV49W9K9RYRfnJuTqgToNoqoTROMwxQD4PCpoQAsORmk7Y9I/p8YjA9iKpro/Ysg==",
        "dependencies": {
          "Microsoft.Extensions.DependencyInjection.Abstractions": "9.0.0-preview.6.24327.7"
        }
      },
      "Microsoft.Extensions.Options": {
        "type": "Transitive",
        "resolved": "9.0.0-preview.6.24327.7",
        "contentHash": "iCNzE32Jeb3Z7F1PF9FYPGn7rAlG/wHHyrGm6re8+31mU1mpzQX+qoOald1Uo5jJtx/JTLf40OKSZn1cC+Wmyg==",
        "dependencies": {
          "Microsoft.Extensions.DependencyInjection.Abstractions": "9.0.0-preview.6.24327.7",
          "Microsoft.Extensions.Primitives": "9.0.0-preview.6.24327.7"
        }
      },
      "Microsoft.Extensions.Primitives": {
        "type": "Transitive",
        "resolved": "9.0.0-preview.6.24327.7",
        "contentHash": "VogVd1RpBK7/KjpKIxNQPiPgAvh84tgiTvQmk5mXDFCR0sINvyyIZSO9cE0dRtAQBqkd1jlmcfTwoGVS5EaMUg=="
      },
      "System.IO.Pipelines": {
        "type": "Transitive",
        "resolved": "9.0.0-preview.6.24327.7",
        "contentHash": "1Zsrx2FxHOXRTjuBUXK8dA55/DwAmk5jXTGyMM7XClOKzXQ6LWqAQuoDXvcpZP0NL4yNCquw/4Kj/4zYWDMX3A=="
      },
      "System.Net.ServerSentEvents": {
        "type": "Transitive",
        "resolved": "9.0.0-preview.6.24327.7",
        "contentHash": "M1+DiWFGXX4X76slf4PqmjaL/NSVE5J157DRk7/3GQ/rahkqcX8M0R6JVqBsENc0Y9SPn4W6UValoI5lsPLSbg=="
      },
      "System.Text.Encodings.Web": {
        "type": "Transitive",
        "resolved": "9.0.0-preview.6.24327.7",
        "contentHash": "A+nhQvWMLr1mHkseyfOYgK2zQ3rVFTY626loOrC0000G1pwEo+P1+zmk9yJgKk8EIRglZQTD2lD83F6TBelltA=="
      },
      "System.Text.Json": {
        "type": "Transitive",
        "resolved": "9.0.0-preview.6.24327.7",
        "contentHash": "MUqi4O7qoSxIiWXw3avrhxO4gRJqQseqbQaIDGdGhj0L3MV5XEl65Y3RqA5mZeHrNlDLFDZ9DJaBs+ih3SdIdg==",
        "dependencies": {
          "System.IO.Pipelines": "9.0.0-preview.6.24327.7",
          "System.Text.Encodings.Web": "9.0.0-preview.6.24327.7"
        }
      },
      "System.Threading.Channels": {
        "type": "Transitive",
        "resolved": "9.0.0-preview.6.24327.7",
        "contentHash": "ehqeMfs19sS1bzM3Ig/a/W5IXlMH6aH9jtTmQ194IKCRg2MAflohuRrxZx/oEd1wryLZyDclQxoJNO2Be+UrXg=="
      },
      "aetherremotecommon": {
        "type": "Project"
      }
    }
  }
}