{
  "version": 1,
  "dependencies": {
    "net8.0-windows7.0": {
      "DalamudPackager": {
        "type": "Direct",
        "requested": "[2.1.12, )",
        "resolved": "2.1.12",
        "contentHash": "Sc0PVxvgg4NQjcI8n10/VfUQBAS4O+Fw2pZrAqBdRMbthYGeogzu5+xmIGCGmsEZ/ukMOBuAqiNiB5qA3MRalg=="
      },
      "Glamourer.Api": {
        "type": "Direct",
        "requested": "[2.0.0, )",
        "resolved": "2.0.0",
        "contentHash": "DYHPIXJz7Ux0QteIttsLXZRbTL3mPC4crMOAFQgngulX+ZYBO+aopTcAD7HrWecqefH2UnaL1mGKKqQDCErWzQ=="
      },
      "Microsoft.AspNetCore.SignalR.Client": {
        "type": "Direct",
        "requested": "[9.0.0-preview.3.24172.13, )",
        "resolved": "9.0.0-preview.3.24172.13",
        "contentHash": "qKyiSRSMq4Y3D+Vt97R//b6MvDFYw124QoIK7stnuVqXNQadV97miDxd0kJn8/1JiimV1k69wcy7Ug1+wf/ycg==",
        "dependencies": {
          "Microsoft.AspNetCore.Http.Connections.Client": "9.0.0-preview.3.24172.13",
          "Microsoft.AspNetCore.SignalR.Client.Core": "9.0.0-preview.3.24172.13"
        }
      },
      "NUnit": {
        "type": "Direct",
        "requested": "[4.1.0, )",
        "resolved": "4.1.0",
        "contentHash": "MT/DpAhjtiytzhTgTqIhBuWx4y26PKfDepYUHUM+5uv4TsryHC2jwFo5e6NhWkApCm/G6kZ80dRjdJFuAxq3rg=="
      },
      "XivCommon": {
        "type": "Direct",
        "requested": "[9.0.0, )",
        "resolved": "9.0.0",
        "contentHash": "avaBp3FmSCi/PiQhntCeBDYOHejdyTWmFtz4pRBVQQ8vHkmRx+YTk1la9dkYBMlXxRXKckEdH1iI1Fu61JlE7w=="
      },
      "Microsoft.AspNetCore.Connections.Abstractions": {
        "type": "Transitive",
        "resolved": "9.0.0-preview.3.24172.13",
        "contentHash": "UNSd29AEEBuUK7EZT+fWm0OgaypGJ+GmiGmc8E5jZrV9xsgMaVM1FwAiKz+bTJ+G/TOWWvwHGjShCmxOkFqBDA==",
        "dependencies": {
          "Microsoft.Bcl.AsyncInterfaces": "9.0.0-preview.3.24172.9",
          "Microsoft.Extensions.Features": "9.0.0-preview.3.24172.13",
          "System.IO.Pipelines": "9.0.0-preview.3.24172.9"
        }
      },
      "Microsoft.AspNetCore.Http.Connections.Client": {
        "type": "Transitive",
        "resolved": "9.0.0-preview.3.24172.13",
        "contentHash": "tpe4BbHUkSs6hnDaha3Kz0dqKMlyMNKV9Hpax7rh/snpHXzESj5RNdavcX3nF42B3eonIFLtoh6azTEe5Z8MmQ==",
        "dependencies": {
          "Microsoft.AspNetCore.Http.Connections.Common": "9.0.0-preview.3.24172.13",
          "Microsoft.Extensions.Logging.Abstractions": "9.0.0-preview.3.24172.9",
          "Microsoft.Extensions.Options": "9.0.0-preview.3.24172.9"
        }
      },
      "Microsoft.AspNetCore.Http.Connections.Common": {
        "type": "Transitive",
        "resolved": "9.0.0-preview.3.24172.13",
        "contentHash": "lHukRqm1B8JCWs7bXuZSm9amY0dqzI5uTg4qGjrmc6wMIRL3gsqFuGh1h6omGppZpgD8ILWOeNJqZ1wXWvn4gQ==",
        "dependencies": {
          "Microsoft.AspNetCore.Connections.Abstractions": "9.0.0-preview.3.24172.13",
          "System.Text.Json": "9.0.0-preview.3.24172.9"
        }
      },
      "Microsoft.AspNetCore.SignalR.Client.Core": {
        "type": "Transitive",
        "resolved": "9.0.0-preview.3.24172.13",
        "contentHash": "nuDCeTlAQe52xDjruhZRYk9Z8r5Zy9LkSBlqjcSRFcOQ+J1CIELSoIKPjouzBew+ASdqGKAVAqrbIlGD/1C/2A==",
        "dependencies": {
          "Microsoft.AspNetCore.SignalR.Common": "9.0.0-preview.3.24172.13",
          "Microsoft.AspNetCore.SignalR.Protocols.Json": "9.0.0-preview.3.24172.13",
          "Microsoft.Bcl.TimeProvider": "9.0.0-preview.3.24172.9",
          "Microsoft.Extensions.DependencyInjection": "9.0.0-preview.3.24172.9",
          "Microsoft.Extensions.Logging": "9.0.0-preview.3.24172.9",
          "System.Threading.Channels": "9.0.0-preview.3.24172.9"
        }
      },
      "Microsoft.AspNetCore.SignalR.Common": {
        "type": "Transitive",
        "resolved": "9.0.0-preview.3.24172.13",
        "contentHash": "1S13tFSEEDtLPBf1p7l/+g+rzIbRh7dtukI/Xub3eZq5BLd46AwqUcYhPLNq3Kqr/PBm5IgfyHHk3e6odQ2R+A==",
        "dependencies": {
          "Microsoft.AspNetCore.Connections.Abstractions": "9.0.0-preview.3.24172.13",
          "Microsoft.Extensions.Options": "9.0.0-preview.3.24172.9",
          "System.Text.Json": "9.0.0-preview.3.24172.9"
        }
      },
      "Microsoft.AspNetCore.SignalR.Protocols.Json": {
        "type": "Transitive",
        "resolved": "9.0.0-preview.3.24172.13",
        "contentHash": "XeZ2lz0r68R6NGkvPmosW1cqJJaetW0cnF1SlSSAoj46ay5gWGpS80rh0hTRZwI7SAJ97krbOz61+1QB3Xrd3w==",
        "dependencies": {
          "Microsoft.AspNetCore.SignalR.Common": "9.0.0-preview.3.24172.13"
        }
      },
      "Microsoft.Bcl.AsyncInterfaces": {
        "type": "Transitive",
        "resolved": "9.0.0-preview.3.24172.9",
        "contentHash": "nyLWwAP1Roz5vXd7Zgzntnnj90Xs8BFwH4BzOUfDU4tuWavpuU/QuvBpgPB9y4kh6/dXaObrxavUt9qVPi7LUg=="
      },
      "Microsoft.Bcl.TimeProvider": {
        "type": "Transitive",
        "resolved": "9.0.0-preview.3.24172.9",
        "contentHash": "sdtt0MibkStulUt+7NYfPEaTPAKbx8RpYhMUCvZ6q5y2f7Tc44UGJWHPNNxaOPUga0Z/c3MmQ0h7EkqJHT2/3Q=="
      },
      "Microsoft.Extensions.DependencyInjection": {
        "type": "Transitive",
        "resolved": "9.0.0-preview.3.24172.9",
        "contentHash": "9pc1Xlg99FqX1I57VtPv6fbhcrmOoA7p3/b+DwxAENaFz5JJt50CsVRq8WAvR5Fa+grFziewP3A/W0x9q5NYTw==",
        "dependencies": {
          "Microsoft.Extensions.DependencyInjection.Abstractions": "9.0.0-preview.3.24172.9"
        }
      },
      "Microsoft.Extensions.DependencyInjection.Abstractions": {
        "type": "Transitive",
        "resolved": "9.0.0-preview.3.24172.9",
        "contentHash": "3176Psy4JxVCJI9L57MyLXt+0HmCylzFmblmmG4GNbxCArrt8slJGWootNRj7rJBh1CPNXOI3nwk9VvDLj/8oQ=="
      },
      "Microsoft.Extensions.Features": {
        "type": "Transitive",
        "resolved": "9.0.0-preview.3.24172.13",
        "contentHash": "QOQlxjzeigdFabmO888saB2OveNQO+mDiG25YrvSUrK1bYgPMPIngHzFVmZ5hIB/22yEk5W5HxRe1NU2YX8zmw=="
      },
      "Microsoft.Extensions.Logging": {
        "type": "Transitive",
        "resolved": "9.0.0-preview.3.24172.9",
        "contentHash": "jxyapuSpRYSvKPhwb+XPs1h5qyjB7FywdiigHpgi1yIV5Vo/cD46CnhiS0upBxoB8+c1uj+auqHcLtVHhZOWaw==",
        "dependencies": {
          "Microsoft.Extensions.DependencyInjection": "9.0.0-preview.3.24172.9",
          "Microsoft.Extensions.Logging.Abstractions": "9.0.0-preview.3.24172.9",
          "Microsoft.Extensions.Options": "9.0.0-preview.3.24172.9"
        }
      },
      "Microsoft.Extensions.Logging.Abstractions": {
        "type": "Transitive",
        "resolved": "9.0.0-preview.3.24172.9",
        "contentHash": "b9wNSdoc20aarUp1ktpS2ERzO9MDqLflH2TmW/CXmjEnCli8CQ5gI+BeTyHa3j4RXwuhJiV4ssvthXYQj5rpWQ==",
        "dependencies": {
          "Microsoft.Extensions.DependencyInjection.Abstractions": "9.0.0-preview.3.24172.9"
        }
      },
      "Microsoft.Extensions.Options": {
        "type": "Transitive",
        "resolved": "9.0.0-preview.3.24172.9",
        "contentHash": "r74tRvh++amfqCHaCpKwERcN59xoLhFD9VrHFca+p1u0olWo7qKAO+uZDC4tXFEtgr307/AD4xRApyji3Tk99A==",
        "dependencies": {
          "Microsoft.Extensions.DependencyInjection.Abstractions": "9.0.0-preview.3.24172.9",
          "Microsoft.Extensions.Primitives": "9.0.0-preview.3.24172.9"
        }
      },
      "Microsoft.Extensions.Primitives": {
        "type": "Transitive",
        "resolved": "9.0.0-preview.3.24172.9",
        "contentHash": "+Z0U5wqkxw687YJZijjQ/rwtIfv5nxrR3XuStq//klsyzqYoXMur2chHoHA9x+TkFzIZm8KX+Dr/jwaOdq28Jw=="
      },
      "System.IO.Pipelines": {
        "type": "Transitive",
        "resolved": "9.0.0-preview.3.24172.9",
        "contentHash": "r/IlQSJoA8fzXG6NxF77q+p2eD63Q1OUKrYg0Yk+jGrr2zIMWGG4F1KVCQH7NWpZJ4GDpap/PnGbJif3JDDFmg=="
      },
      "System.Text.Encodings.Web": {
        "type": "Transitive",
        "resolved": "9.0.0-preview.3.24172.9",
        "contentHash": "VIW80zwKmeI0VU75E31zb+sW/BX4T3EHcxfPauOr141wQ5NzhoSX1jP7jE28ZSYAVRIPvjSZzlD93Srxl9MU3Q=="
      },
      "System.Text.Json": {
        "type": "Transitive",
        "resolved": "9.0.0-preview.3.24172.9",
        "contentHash": "Ls1WYDtUv7asMLd5HNJHDIPCQnpJSyA0r1ruVwE5xYzLzwD0qRwXjMQBJ5t76EMx5VQAvdqvrj6vlRPCbs2XkQ==",
        "dependencies": {
          "System.Text.Encodings.Web": "9.0.0-preview.3.24172.9"
        }
      },
      "System.Threading.Channels": {
        "type": "Transitive",
        "resolved": "9.0.0-preview.3.24172.9",
        "contentHash": "NlnpqnGJIzGwcqYEg/p5DTx5zsuSqZ/rOJpgOVc1bn12mNk4mJMUS08cdJzYETBQwgQFDUXM7hzsqHROhEJHdw=="
      },
      "aetherremotecommon": {
        "type": "Project"
      }
    }
  }
}